
Microsoft Visual Studio Solution File, Format Version 12.00
# Visual Studio Version 17
VisualStudioVersion = 17.0.31903.59
MinimumVisualStudioVersion = 10.0.40219.1
Project("{9A19103F-16F7-4668-BE54-9A1E7A4F7556}") = "Connixt.Shared", "Connixt.Shared\Connixt.Shared.csproj", "{8A5105DC-A597-4AC5-A4C0-F4B16389E967}"
EndProject
Project("{9A19103F-16F7-4668-BE54-9A1E7A4F7556}") = "Connixt.Api", "Connixt.Api\Connixt.Api.csproj", "{7597BBE0-61B2-4DC2-87BC-AC0D23DCA85C}"
EndProject
Project("{9A19103F-16F7-4668-BE54-9A1E7A4F7556}") = "Connixt.UI", "Connixt.UI\Connixt.UI.csproj", "{80F34D12-1DA4-4517-A134-6903E725C255}"
EndProject
Global
	GlobalSection(SolutionConfigurationPlatforms) = preSolution
		Debug|Any CPU = Debug|Any CPU
		Release|Any CPU = Release|Any CPU
	EndGlobalSection
	GlobalSection(ProjectConfigurationPlatforms) = postSolution
		{8A5105DC-A597-4AC5-A4C0-F4B16389E967}.Debug|Any CPU.ActiveCfg = Debug|Any CPU
		{8A5105DC-A597-4AC5-A4C0-F4B16389E967}.Debug|Any CPU.Build.0 = Debug|Any CPU
		{8A5105DC-A597-4AC5-A4C0-F4B16389E967}.Release|Any CPU.ActiveCfg = Release|Any CPU
		{8A5105DC-A597-4AC5-A4C0-F4B16389E967}.Release|Any CPU.Build.0 = Release|Any CPU
		{7597BBE0-61B2-4DC2-87BC-AC0D23DCA85C}.Debug|Any CPU.ActiveCfg = Debug|Any CPU
		{7597BBE0-61B2-4DC2-87BC-AC0D23DCA85C}.Debug|Any CPU.Build.0 = Debug|Any CPU
		{7597BBE0-61B2-4DC2-87BC-AC0D23DCA85C}.Release|Any CPU.ActiveCfg = Release|Any CPU
		{7597BBE0-61B2-4DC2-87BC-AC0D23DCA85C}.Release|Any CPU.Build.0 = Release|Any CPU
		{80F34D12-1DA4-4517-A134-6903E725C255}.Debug|Any CPU.ActiveCfg = Debug|Any CPU
		{80F34D12-1DA4-4517-A134-6903E725C255}.Debug|Any CPU.Build.0 = Debug|Any CPU
		{80F34D12-1DA4-4517-A134-6903E725C255}.Release|Any CPU.ActiveCfg = Release|Any CPU
		{80F34D12-1DA4-4517-A134-6903E725C255}.Release|Any CPU.Build.0 = Release|Any CPU
	EndGlobalSection
	GlobalSection(SolutionProperties) = preSolution
		HideSolutionNode = FALSE
	EndGlobalSection
EndGlobal
